
Microsoft Visual Studio Solution File, Format Version 12.00
# Visual Studio Version 16
VisualStudioVersion = 16.0.31129.286
MinimumVisualStudioVersion = 10.0.40219.1
Project("{FAE04EC0-301F-11D3-BF4B-00C04F79EFBC}") = "ConsoleToWebAPI", "ConsoleToWebAPI\ConsoleToWebAPI.csproj", "{7727E01F-99C3-4657-B9F7-150A1F189C49}"
EndProject
Global
	GlobalSection(SolutionConfigurationPlatforms) = preSolution
		Debug|Any CPU = Debug|Any CPU
		Release|Any CPU = Release|Any CPU
	EndGlobalSection
	GlobalSection(ProjectConfigurationPlatforms) = postSolution
		{7727E01F-99C3-4657-B9F7-150A1F189C49}.Debug|Any CPU.ActiveCfg = Debug|Any CPU
		{7727E01F-99C3-4657-B9F7-150A1F189C49}.Debug|Any CPU.Build.0 = Debug|Any CPU
		{7727E01F-99C3-4657-B9F7-150A1F189C49}.Release|Any CPU.ActiveCfg = Release|Any CPU
		{7727E01F-99C3-4657-B9F7-150A1F189C49}.Release|Any CPU.Build.0 = Release|Any CPU
	EndGlobalSection
	GlobalSection(SolutionProperties) = preSolution
		HideSolutionNode = FALSE
	EndGlobalSection
	GlobalSection(ExtensibilityGlobals) = postSolution
		SolutionGuid = {678B9D1A-A061-486E-B359-87D072FA74CD}
	EndGlobalSection
EndGlobal
